
Microsoft Visual Studio Solution File, Format Version 12.00
# Visual Studio Version 17
VisualStudioVersion = 17.7.34031.279
MinimumVisualStudioVersion = 10.0.40219.1
Project("{FAE04EC0-301F-11D3-BF4B-00C04F79EFBC}") = "8_2_Interface", "8_2_Interface.csproj", "{03FA04F5-7978-4B66-881A-E7A7BBAC501B}"
EndProject
Project("{FAE04EC0-301F-11D3-BF4B-00C04F79EFBC}") = "8_3_DerivedInterface", "..\8_3_DerivedInterface\8_3_DerivedInterface.csproj", "{9DBBC60C-7809-46BB-86CD-3EA514128F97}"
EndProject
Project("{FAE04EC0-301F-11D3-BF4B-00C04F79EFBC}") = "8_4_MultiInterfaceInheritance", "..\8_4_MultiInterfaceInheritance\8_4_MultiInterfaceInheritance.csproj", "{BE60198E-735C-4336-9FB0-81C55C87D94E}"
EndProject
Project("{FAE04EC0-301F-11D3-BF4B-00C04F79EFBC}") = "8_5_DefaultImplementation", "..\8_5_DefaultImplementation\8_5_DefaultImplementation.csproj", "{45C01771-6DF2-4090-B935-F921C86E1480}"
EndProject
Project("{FAE04EC0-301F-11D3-BF4B-00C04F79EFBC}") = "8_6_AbstractClass", "..\8_6_AbstractClass\8_6_AbstractClass.csproj", "{94A44F41-0D2D-4985-95E8-7D0F0633DFA6}"
EndProject
Global
	GlobalSection(SolutionConfigurationPlatforms) = preSolution
		Debug|Any CPU = Debug|Any CPU
		Release|Any CPU = Release|Any CPU
	EndGlobalSection
	GlobalSection(ProjectConfigurationPlatforms) = postSolution
		{03FA04F5-7978-4B66-881A-E7A7BBAC501B}.Debug|Any CPU.ActiveCfg = Debug|Any CPU
		{03FA04F5-7978-4B66-881A-E7A7BBAC501B}.Debug|Any CPU.Build.0 = Debug|Any CPU
		{03FA04F5-7978-4B66-881A-E7A7BBAC501B}.Release|Any CPU.ActiveCfg = Release|Any CPU
		{03FA04F5-7978-4B66-881A-E7A7BBAC501B}.Release|Any CPU.Build.0 = Release|Any CPU
		{9DBBC60C-7809-46BB-86CD-3EA514128F97}.Debug|Any CPU.ActiveCfg = Debug|Any CPU
		{9DBBC60C-7809-46BB-86CD-3EA514128F97}.Debug|Any CPU.Build.0 = Debug|Any CPU
		{9DBBC60C-7809-46BB-86CD-3EA514128F97}.Release|Any CPU.ActiveCfg = Release|Any CPU
		{9DBBC60C-7809-46BB-86CD-3EA514128F97}.Release|Any CPU.Build.0 = Release|Any CPU
		{BE60198E-735C-4336-9FB0-81C55C87D94E}.Debug|Any CPU.ActiveCfg = Debug|Any CPU
		{BE60198E-735C-4336-9FB0-81C55C87D94E}.Debug|Any CPU.Build.0 = Debug|Any CPU
		{BE60198E-735C-4336-9FB0-81C55C87D94E}.Release|Any CPU.ActiveCfg = Release|Any CPU
		{BE60198E-735C-4336-9FB0-81C55C87D94E}.Release|Any CPU.Build.0 = Release|Any CPU
		{45C01771-6DF2-4090-B935-F921C86E1480}.Debug|Any CPU.ActiveCfg = Debug|Any CPU
		{45C01771-6DF2-4090-B935-F921C86E1480}.Debug|Any CPU.Build.0 = Debug|Any CPU
		{45C01771-6DF2-4090-B935-F921C86E1480}.Release|Any CPU.ActiveCfg = Release|Any CPU
		{45C01771-6DF2-4090-B935-F921C86E1480}.Release|Any CPU.Build.0 = Release|Any CPU
		{94A44F41-0D2D-4985-95E8-7D0F0633DFA6}.Debug|Any CPU.ActiveCfg = Debug|Any CPU
		{94A44F41-0D2D-4985-95E8-7D0F0633DFA6}.Debug|Any CPU.Build.0 = Debug|Any CPU
		{94A44F41-0D2D-4985-95E8-7D0F0633DFA6}.Release|Any CPU.ActiveCfg = Release|Any CPU
		{94A44F41-0D2D-4985-95E8-7D0F0633DFA6}.Release|Any CPU.Build.0 = Release|Any CPU
	EndGlobalSection
	GlobalSection(SolutionProperties) = preSolution
		HideSolutionNode = FALSE
	EndGlobalSection
	GlobalSection(ExtensibilityGlobals) = postSolution
		SolutionGuid = {50F1A58A-8E46-4764-8088-1415A5F862F4}
	EndGlobalSection
EndGlobal
