
Microsoft Visual Studio Solution File, Format Version 12.00
# Visual Studio Version 17
VisualStudioVersion = 17.7.34031.279
MinimumVisualStudioVersion = 10.0.40219.1
Project("{FAE04EC0-301F-11D3-BF4B-00C04F79EFBC}") = "18_1_1_Dir", "18_1_1_Dir.csproj", "{F4EE4BAE-51DC-4652-A13A-EA28A39F0A47}"
EndProject
Project("{FAE04EC0-301F-11D3-BF4B-00C04F79EFBC}") = "18_1_2_Touch", "..\18_1_2_Touch\18_1_2_Touch.csproj", "{0DB1BA1B-31A8-4EDF-8A20-42DAE3CFE552}"
EndProject
Global
	GlobalSection(SolutionConfigurationPlatforms) = preSolution
		Debug|Any CPU = Debug|Any CPU
		Release|Any CPU = Release|Any CPU
	EndGlobalSection
	GlobalSection(ProjectConfigurationPlatforms) = postSolution
		{F4EE4BAE-51DC-4652-A13A-EA28A39F0A47}.Debug|Any CPU.ActiveCfg = Debug|Any CPU
		{F4EE4BAE-51DC-4652-A13A-EA28A39F0A47}.Debug|Any CPU.Build.0 = Debug|Any CPU
		{F4EE4BAE-51DC-4652-A13A-EA28A39F0A47}.Release|Any CPU.ActiveCfg = Release|Any CPU
		{F4EE4BAE-51DC-4652-A13A-EA28A39F0A47}.Release|Any CPU.Build.0 = Release|Any CPU
		{0DB1BA1B-31A8-4EDF-8A20-42DAE3CFE552}.Debug|Any CPU.ActiveCfg = Debug|Any CPU
		{0DB1BA1B-31A8-4EDF-8A20-42DAE3CFE552}.Debug|Any CPU.Build.0 = Debug|Any CPU
		{0DB1BA1B-31A8-4EDF-8A20-42DAE3CFE552}.Release|Any CPU.ActiveCfg = Release|Any CPU
		{0DB1BA1B-31A8-4EDF-8A20-42DAE3CFE552}.Release|Any CPU.Build.0 = Release|Any CPU
	EndGlobalSection
	GlobalSection(SolutionProperties) = preSolution
		HideSolutionNode = FALSE
	EndGlobalSection
	GlobalSection(ExtensibilityGlobals) = postSolution
		SolutionGuid = {3A6BF4B2-3D03-49DB-8B6F-E4E2D92E02E2}
	EndGlobalSection
EndGlobal
