
Microsoft Visual Studio Solution File, Format Version 12.00
# Visual Studio Version 17
VisualStudioVersion = 17.7.34031.279
MinimumVisualStudioVersion = 10.0.40219.1
Project("{FAE04EC0-301F-11D3-BF4B-00C04F79EFBC}") = "16_1_1_GetType", "16_1_1_GetType.csproj", "{ED2A35A8-BA76-461B-B4AC-122A2D9EE655}"
EndProject
Project("{FAE04EC0-301F-11D3-BF4B-00C04F79EFBC}") = "16_1_2_DynamicInstance", "..\16_1_2_DynamicInstance\16_1_2_DynamicInstance.csproj", "{932F3268-240A-4A6A-98D6-4ADC81292676}"
EndProject
Project("{FAE04EC0-301F-11D3-BF4B-00C04F79EFBC}") = "16_1_3_EmitTest", "..\16_1_3_EmitTest\16_1_3_EmitTest.csproj", "{0B7A6BEB-2943-4896-8B9C-ED22EF039D4A}"
EndProject
Project("{FAE04EC0-301F-11D3-BF4B-00C04F79EFBC}") = "16_2_1_BasicAttribute", "..\16_2_1_BasicAttribute\16_2_1_BasicAttribute.csproj", "{70D5E21B-6ED5-47C0-A73A-6712578D49FE}"
EndProject
Project("{FAE04EC0-301F-11D3-BF4B-00C04F79EFBC}") = "16_2_2_CallerInfo", "..\16_2_2_CallerInfo\16_2_2_CallerInfo.csproj", "{A980BE70-4633-4449-B5A5-100905185380}"
EndProject
Project("{FAE04EC0-301F-11D3-BF4B-00C04F79EFBC}") = "16_2_3_HistoryAttribute", "..\16_2_3_HistoryAttribute\16_2_3_HistoryAttribute.csproj", "{5C484E8E-6489-4525-A734-022D4B572E58}"
EndProject
Project("{FAE04EC0-301F-11D3-BF4B-00C04F79EFBC}") = "example", "..\example\example.csproj", "{9D128EB1-AFFD-49D8-B9AF-571AF745F3AB}"
EndProject
Global
	GlobalSection(SolutionConfigurationPlatforms) = preSolution
		Debug|Any CPU = Debug|Any CPU
		Release|Any CPU = Release|Any CPU
	EndGlobalSection
	GlobalSection(ProjectConfigurationPlatforms) = postSolution
		{ED2A35A8-BA76-461B-B4AC-122A2D9EE655}.Debug|Any CPU.ActiveCfg = Debug|Any CPU
		{ED2A35A8-BA76-461B-B4AC-122A2D9EE655}.Debug|Any CPU.Build.0 = Debug|Any CPU
		{ED2A35A8-BA76-461B-B4AC-122A2D9EE655}.Release|Any CPU.ActiveCfg = Release|Any CPU
		{ED2A35A8-BA76-461B-B4AC-122A2D9EE655}.Release|Any CPU.Build.0 = Release|Any CPU
		{932F3268-240A-4A6A-98D6-4ADC81292676}.Debug|Any CPU.ActiveCfg = Debug|Any CPU
		{932F3268-240A-4A6A-98D6-4ADC81292676}.Debug|Any CPU.Build.0 = Debug|Any CPU
		{932F3268-240A-4A6A-98D6-4ADC81292676}.Release|Any CPU.ActiveCfg = Release|Any CPU
		{932F3268-240A-4A6A-98D6-4ADC81292676}.Release|Any CPU.Build.0 = Release|Any CPU
		{0B7A6BEB-2943-4896-8B9C-ED22EF039D4A}.Debug|Any CPU.ActiveCfg = Debug|Any CPU
		{0B7A6BEB-2943-4896-8B9C-ED22EF039D4A}.Debug|Any CPU.Build.0 = Debug|Any CPU
		{0B7A6BEB-2943-4896-8B9C-ED22EF039D4A}.Release|Any CPU.ActiveCfg = Release|Any CPU
		{0B7A6BEB-2943-4896-8B9C-ED22EF039D4A}.Release|Any CPU.Build.0 = Release|Any CPU
		{70D5E21B-6ED5-47C0-A73A-6712578D49FE}.Debug|Any CPU.ActiveCfg = Debug|Any CPU
		{70D5E21B-6ED5-47C0-A73A-6712578D49FE}.Debug|Any CPU.Build.0 = Debug|Any CPU
		{70D5E21B-6ED5-47C0-A73A-6712578D49FE}.Release|Any CPU.ActiveCfg = Release|Any CPU
		{70D5E21B-6ED5-47C0-A73A-6712578D49FE}.Release|Any CPU.Build.0 = Release|Any CPU
		{A980BE70-4633-4449-B5A5-100905185380}.Debug|Any CPU.ActiveCfg = Debug|Any CPU
		{A980BE70-4633-4449-B5A5-100905185380}.Debug|Any CPU.Build.0 = Debug|Any CPU
		{A980BE70-4633-4449-B5A5-100905185380}.Release|Any CPU.ActiveCfg = Release|Any CPU
		{A980BE70-4633-4449-B5A5-100905185380}.Release|Any CPU.Build.0 = Release|Any CPU
		{5C484E8E-6489-4525-A734-022D4B572E58}.Debug|Any CPU.ActiveCfg = Debug|Any CPU
		{5C484E8E-6489-4525-A734-022D4B572E58}.Debug|Any CPU.Build.0 = Debug|Any CPU
		{5C484E8E-6489-4525-A734-022D4B572E58}.Release|Any CPU.ActiveCfg = Release|Any CPU
		{5C484E8E-6489-4525-A734-022D4B572E58}.Release|Any CPU.Build.0 = Release|Any CPU
		{9D128EB1-AFFD-49D8-B9AF-571AF745F3AB}.Debug|Any CPU.ActiveCfg = Debug|Any CPU
		{9D128EB1-AFFD-49D8-B9AF-571AF745F3AB}.Debug|Any CPU.Build.0 = Debug|Any CPU
		{9D128EB1-AFFD-49D8-B9AF-571AF745F3AB}.Release|Any CPU.ActiveCfg = Release|Any CPU
		{9D128EB1-AFFD-49D8-B9AF-571AF745F3AB}.Release|Any CPU.Build.0 = Release|Any CPU
	EndGlobalSection
	GlobalSection(SolutionProperties) = preSolution
		HideSolutionNode = FALSE
	EndGlobalSection
	GlobalSection(ExtensibilityGlobals) = postSolution
		SolutionGuid = {AFB22139-E108-40AD-A0F3-7BEAAF076D26}
	EndGlobalSection
EndGlobal
